// !$*UTF8*$!
{
	archiveVersion = 1;
	classes = {
	};
	objectVersion = 50;
	objects = {

/* Begin PBXBuildFile section */
		367570372089BDE000BFB871 /* AppDelegate.swift in Sources */ = {isa = PBXBuildFile; fileRef = 367570362089BDE000BFB871 /* AppDelegate.swift */; };
		367570392089BDE000BFB871 /* ViewController.swift in Sources */ = {isa = PBXBuildFile; fileRef = 367570382089BDE000BFB871 /* ViewController.swift */; };
		3675703C2089BDE000BFB871 /* Main.storyboard in Resources */ = {isa = PBXBuildFile; fileRef = 3675703A2089BDE000BFB871 /* Main.storyboard */; };
		3675703E2089BDE300BFB871 /* Assets.xcassets in Resources */ = {isa = PBXBuildFile; fileRef = 3675703D2089BDE300BFB871 /* Assets.xcassets */; };
		367570412089BDE300BFB871 /* LaunchScreen.storyboard in Resources */ = {isa = PBXBuildFile; fileRef = 3675703F2089BDE300BFB871 /* LaunchScreen.storyboard */; };
		367570492089BE2B00BFB871 /* View(Extension).swift in Sources */ = {isa = PBXBuildFile; fileRef = 367570482089BE2B00BFB871 /* View(Extension).swift */; };
		3675704D2089C79A00BFB871 /* CycleView.swift in Sources */ = {isa = PBXBuildFile; fileRef = 3675704C2089C79A00BFB871 /* CycleView.swift */; };
		3675704F2089C80700BFB871 /* CycleLayout.swift in Sources */ = {isa = PBXBuildFile; fileRef = 3675704E2089C80700BFB871 /* CycleLayout.swift */; };
		367570522089D7FF00BFB871 /* CYCleCell.swift in Sources */ = {isa = PBXBuildFile; fileRef = 367570502089D7FF00BFB871 /* CYCleCell.swift */; };
		367570532089D7FF00BFB871 /* CYCleCell.xib in Resources */ = {isa = PBXBuildFile; fileRef = 367570512089D7FF00BFB871 /* CYCleCell.xib */; };
		36757063208DDE3100BFB871 /* 4.jpg in Resources */ = {isa = PBXBuildFile; fileRef = 3675705E208DDE3000BFB871 /* 4.jpg */; };
		36757064208DDE3100BFB871 /* 5.jpg in Resources */ = {isa = PBXBuildFile; fileRef = 3675705F208DDE3000BFB871 /* 5.jpg */; };
		36757065208DDE3100BFB871 /* 3.jpg in Resources */ = {isa = PBXBuildFile; fileRef = 36757060208DDE3100BFB871 /* 3.jpg */; };
		36757066208DDE3100BFB871 /* 2.jpg in Resources */ = {isa = PBXBuildFile; fileRef = 36757061208DDE3100BFB871 /* 2.jpg */; };
		36757067208DDE3100BFB871 /* 1.jpg in Resources */ = {isa = PBXBuildFile; fileRef = 36757062208DDE3100BFB871 /* 1.jpg */; };
/* End PBXBuildFile section */

/* Begin PBXFileReference section */
		367570332089BDE000BFB871 /* 立体轮播.app */ = {isa = PBXFileReference; explicitFileType = wrapper.application; includeInIndex = 0; path = "立体轮播.app"; sourceTree = BUILT_PRODUCTS_DIR; };
		367570362089BDE000BFB871 /* AppDelegate.swift */ = {isa = PBXFileReference; lastKnownFileType = sourcecode.swift; path = AppDelegate.swift; sourceTree = "<group>"; };
		367570382089BDE000BFB871 /* ViewController.swift */ = {isa = PBXFileReference; lastKnownFileType = sourcecode.swift; path = ViewController.swift; sourceTree = "<group>"; };
		3675703B2089BDE000BFB871 /* Base */ = {isa = PBXFileReference; lastKnownFileType = file.storyboard; name = Base; path = Base.lproj/Main.storyboard; sourceTree = "<group>"; };
		3675703D2089BDE300BFB871 /* Assets.xcassets */ = {isa = PBXFileReference; lastKnownFileType = folder.assetcatalog; path = Assets.xcassets; sourceTree = "<group>"; };
		367570402089BDE300BFB871 /* Base */ = {isa = PBXFileReference; lastKnownFileType = file.storyboard; name = Base; path = Base.lproj/LaunchScreen.storyboard; sourceTree = "<group>"; };
		367570422089BDE300BFB871 /* Info.plist */ = {isa = PBXFileReference; lastKnownFileType = text.plist.xml; path = Info.plist; sourceTree = "<group>"; };
		367570482089BE2B00BFB871 /* View(Extension).swift */ = {isa = PBXFileReference; lastKnownFileType = sourcecode.swift; path = "View(Extension).swift"; sourceTree = "<group>"; };
		3675704C2089C79A00BFB871 /* CycleView.swift */ = {isa = PBXFileReference; lastKnownFileType = sourcecode.swift; path = CycleView.swift; sourceTree = "<group>"; };
		3675704E2089C80700BFB871 /* CycleLayout.swift */ = {isa = PBXFileReference; lastKnownFileType = sourcecode.swift; path = CycleLayout.swift; sourceTree = "<group>"; };
		367570502089D7FF00BFB871 /* CYCleCell.swift */ = {isa = PBXFileReference; lastKnownFileType = sourcecode.swift; path = CYCleCell.swift; sourceTree = "<group>"; };
		367570512089D7FF00BFB871 /* CYCleCell.xib */ = {isa = PBXFileReference; lastKnownFileType = file.xib; path = CYCleCell.xib; sourceTree = "<group>"; };
		3675705E208DDE3000BFB871 /* 4.jpg */ = {isa = PBXFileReference; lastKnownFileType = image.jpeg; path = 4.jpg; sourceTree = "<group>"; };
		3675705F208DDE3000BFB871 /* 5.jpg */ = {isa = PBXFileReference; lastKnownFileType = image.jpeg; path = 5.jpg; sourceTree = "<group>"; };
		36757060208DDE3100BFB871 /* 3.jpg */ = {isa = PBXFileReference; lastKnownFileType = image.jpeg; path = 3.jpg; sourceTree = "<group>"; };
		36757061208DDE3100BFB871 /* 2.jpg */ = {isa = PBXFileReference; lastKnownFileType = image.jpeg; path = 2.jpg; sourceTree = "<group>"; };
		36757062208DDE3100BFB871 /* 1.jpg */ = {isa = PBXFileReference; lastKnownFileType = image.jpeg; path = 1.jpg; sourceTree = "<group>"; };
/* End PBXFileReference section */

/* Begin PBXFrameworksBuildPhase section */
		367570302089BDE000BFB871 /* Frameworks */ = {
			isa = PBXFrameworksBuildPhase;
			buildActionMask = 2147483647;
			files = (
			);
			runOnlyForDeploymentPostprocessing = 0;
		};
/* End PBXFrameworksBuildPhase section */

/* Begin PBXGroup section */
		3675702A2089BDE000BFB871 = {
			isa = PBXGroup;
			children = (
				367570352089BDE000BFB871 /* 立体轮播 */,
				367570342089BDE000BFB871 /* Products */,
			);
			sourceTree = "<group>";
		};
		367570342089BDE000BFB871 /* Products */ = {
			isa = PBXGroup;
			children = (
				367570332089BDE000BFB871 /* 立体轮播.app */,
			);
			name = Products;
			sourceTree = "<group>";
		};
		367570352089BDE000BFB871 /* 立体轮播 */ = {
			isa = PBXGroup;
			children = (
				367570362089BDE000BFB871 /* AppDelegate.swift */,
				367570382089BDE000BFB871 /* ViewController.swift */,
				367570482089BE2B00BFB871 /* View(Extension).swift */,
				3675704C2089C79A00BFB871 /* CycleView.swift */,
				367570502089D7FF00BFB871 /* CYCleCell.swift */,
				367570512089D7FF00BFB871 /* CYCleCell.xib */,
				3675704E2089C80700BFB871 /* CycleLayout.swift */,
				3675703A2089BDE000BFB871 /* Main.storyboard */,
				36757062208DDE3100BFB871 /* 1.jpg */,
				36757061208DDE3100BFB871 /* 2.jpg */,
				36757060208DDE3100BFB871 /* 3.jpg */,
				3675705E208DDE3000BFB871 /* 4.jpg */,
				3675705F208DDE3000BFB871 /* 5.jpg */,
				3675703D2089BDE300BFB871 /* Assets.xcassets */,
				3675703F2089BDE300BFB871 /* LaunchScreen.storyboard */,
				367570422089BDE300BFB871 /* Info.plist */,
			);
			path = "立体轮播";
			sourceTree = "<group>";
		};
/* End PBXGroup section */

/* Begin PBXNativeTarget section */
		367570322089BDE000BFB871 /* 立体轮播 */ = {
			isa = PBXNativeTarget;
			buildConfigurationList = 367570452089BDE300BFB871 /* Build configuration list for PBXNativeTarget "立体轮播" */;
			buildPhases = (
				3675702F2089BDE000BFB871 /* Sources */,
				367570302089BDE000BFB871 /* Frameworks */,
				367570312089BDE000BFB871 /* Resources */,
			);
			buildRules = (
			);
			dependencies = (
			);
			name = "立体轮播";
			productName = "立体轮播";
			productReference = 367570332089BDE000BFB871 /* 立体轮播.app */;
			productType = "com.apple.product-type.application";
		};
/* End PBXNativeTarget section */

/* Begin PBXProject section */
		3675702B2089BDE000BFB871 /* Project object */ = {
			isa = PBXProject;
			attributes = {
				LastSwiftUpdateCheck = 0930;
				LastUpgradeCheck = 0930;
				ORGANIZATIONNAME = frameworkdemo;
				TargetAttributes = {
					367570322089BDE000BFB871 = {
						CreatedOnToolsVersion = 9.3;
					};
				};
			};
			buildConfigurationList = 3675702E2089BDE000BFB871 /* Build configuration list for PBXProject "立体轮播" */;
			compatibilityVersion = "Xcode 9.3";
			developmentRegion = en;
			hasScannedForEncodings = 0;
			knownRegions = (
				en,
				Base,
			);
			mainGroup = 3675702A2089BDE000BFB871;
			productRefGroup = 367570342089BDE000BFB871 /* Products */;
			projectDirPath = "";
			projectRoot = "";
			targets = (
				367570322089BDE000BFB871 /* 立体轮播 */,
			);
		};
/* End PBXProject section */

/* Begin PBXResourcesBuildPhase section */
		367570312089BDE000BFB871 /* Resources */ = {
			isa = PBXResourcesBuildPhase;
			buildActionMask = 2147483647;
			files = (
				367570412089BDE300BFB871 /* LaunchScreen.storyboard in Resources */,
				3675703E2089BDE300BFB871 /* Assets.xcassets in Resources */,
				367570532089D7FF00BFB871 /* CYCleCell.xib in Resources */,
				36757064208DDE3100BFB871 /* 5.jpg in Resources */,
				36757063208DDE3100BFB871 /* 4.jpg in Resources */,
				36757065208DDE3100BFB871 /* 3.jpg in Resources */,
				36757067208DDE3100BFB871 /* 1.jpg in Resources */,
				36757066208DDE3100BFB871 /* 2.jpg in Resources */,
				3675703C2089BDE000BFB871 /* Main.storyboard in Resources */,
			);
			runOnlyForDeploymentPostprocessing = 0;
		};
/* End PBXResourcesBuildPhase section */

/* Begin PBXSourcesBuildPhase section */
		3675702F2089BDE000BFB871 /* Sources */ = {
			isa = PBXSourcesBuildPhase;
			buildActionMask = 2147483647;
			files = (
				367570392089BDE000BFB871 /* ViewController.swift in Sources */,
				3675704D2089C79A00BFB871 /* CycleView.swift in Sources */,
				367570492089BE2B00BFB871 /* View(Extension).swift in Sources */,
				367570372089BDE000BFB871 /* AppDelegate.swift in Sources */,
				367570522089D7FF00BFB871 /* CYCleCell.swift in Sources */,
				3675704F2089C80700BFB871 /* CycleLayout.swift in Sources */,
			);
			runOnlyForDeploymentPostprocessing = 0;
		};
/* End PBXSourcesBuildPhase section */

/* Begin PBXVariantGroup section */
		3675703A2089BDE000BFB871 /* Main.storyboard */ = {
			isa = PBXVariantGroup;
			children = (
				3675703B2089BDE000BFB871 /* Base */,
			);
			name = Main.storyboard;
			sourceTree = "<group>";
		};
		3675703F2089BDE300BFB871 /* LaunchScreen.storyboard */ = {
			isa = PBXVariantGroup;
			children = (
				367570402089BDE300BFB871 /* Base */,
			);
			name = LaunchScreen.storyboard;
			sourceTree = "<group>";
		};
/* End PBXVariantGroup section */

/* Begin XCBuildConfiguration section */
		367570432089BDE300BFB871 /* Debug */ = {
			isa = XCBuildConfiguration;
			buildSettings = {
				ALWAYS_SEARCH_USER_PATHS = NO;
				CLANG_ANALYZER_NONNULL = YES;
				CLANG_ANALYZER_NUMBER_OBJECT_CONVERSION = YES_AGGRESSIVE;
				CLANG_CXX_LANGUAGE_STANDARD = "gnu++14";
				CLANG_CXX_LIBRARY = "libc++";
				CLANG_ENABLE_MODULES = YES;
				CLANG_ENABLE_OBJC_ARC = YES;
				CLANG_ENABLE_OBJC_WEAK = YES;
				CLANG_WARN_BLOCK_CAPTURE_AUTORELEASING = YES;
				CLANG_WARN_BOOL_CONVERSION = YES;
				CLANG_WARN_COMMA = YES;
				CLANG_WARN_CONSTANT_CONVERSION = YES;
				CLANG_WARN_DEPRECATED_OBJC_IMPLEMENTATIONS = YES;
				CLANG_WARN_DIRECT_OBJC_ISA_USAGE = YES_ERROR;
				CLANG_WARN_DOCUMENTATION_COMMENTS = YES;
				CLANG_WARN_EMPTY_BODY = YES;
				CLANG_WARN_ENUM_CONVERSION = YES;
				CLANG_WARN_INFINITE_RECURSION = YES;
				CLANG_WARN_INT_CONVERSION = YES;
				CLANG_WARN_NON_LITERAL_NULL_CONVERSION = YES;
				CLANG_WARN_OBJC_IMPLICIT_RETAIN_SELF = YES;
				CLANG_WARN_OBJC_LITERAL_CONVERSION = YES;
				CLANG_WARN_OBJC_ROOT_CLASS = YES_ERROR;
				CLANG_WARN_RANGE_LOOP_ANALYSIS = YES;
				CLANG_WARN_STRICT_PROTOTYPES = YES;
				CLANG_WARN_SUSPICIOUS_MOVE = YES;
				CLANG_WARN_UNGUARDED_AVAILABILITY = YES_AGGRESSIVE;
				CLANG_WARN_UNREACHABLE_CODE = YES;
				CLANG_WARN__DUPLICATE_METHOD_MATCH = YES;
				CODE_SIGN_IDENTITY = "iPhone Developer";
				COPY_PHASE_STRIP = NO;
				DEBUG_INFORMATION_FORMAT = dwarf;
				ENABLE_STRICT_OBJC_MSGSEND = YES;
				ENABLE_TESTABILITY = YES;
				GCC_C_LANGUAGE_STANDARD = gnu11;
				GCC_DYNAMIC_NO_PIC = NO;
				GCC_NO_COMMON_BLOCKS = YES;
				GCC_OPTIMIZATION_LEVEL = 0;
				GCC_PREPROCESSOR_DEFINITIONS = (
					"DEBUG=1",
					"$(inherited)",
				);
				GCC_WARN_64_TO_32_BIT_CONVERSION = YES;
				GCC_WARN_ABOUT_RETURN_TYPE = YES_ERROR;
				GCC_WARN_UNDECLARED_SELECTOR = YES;
				GCC_WARN_UNINITIALIZED_AUTOS = YES_AGGRESSIVE;
				GCC_WARN_UNUSED_FUNCTION = YES;
				GCC_WARN_UNUSED_VARIABLE = YES;
				IPHONEOS_DEPLOYMENT_TARGET = 11.3;
				MTL_ENABLE_DEBUG_INFO = YES;
				ONLY_ACTIVE_ARCH = YES;
				SDKROOT = iphoneos;
				SWIFT_ACTIVE_COMPILATION_CONDITIONS = DEBUG;
				SWIFT_OPTIMIZATION_LEVEL = "-Onone";
			};
			name = Debug;
		};
		367570442089BDE300BFB871 /* Release */ = {
			isa = XCBuildConfiguration;
			buildSettings = {
				ALWAYS_SEARCH_USER_PATHS = NO;
				CLANG_ANALYZER_NONNULL = YES;
				CLANG_ANALYZER_NUMBER_OBJECT_CONVERSION = YES_AGGRESSIVE;
				CLANG_CXX_LANGUAGE_STANDARD = "gnu++14";
				CLANG_CXX_LIBRARY = "libc++";
				CLANG_ENABLE_MODULES = YES;
				CLANG_ENABLE_OBJC_ARC = YES;
				CLANG_ENABLE_OBJC_WEAK = YES;
				CLANG_WARN_BLOCK_CAPTURE_AUTORELEASING = YES;
				CLANG_WARN_BOOL_CONVERSION = YES;
				CLANG_WARN_COMMA = YES;
				CLANG_WARN_CONSTANT_CONVERSION = YES;
				CLANG_WARN_DEPRECATED_OBJC_IMPLEMENTATIONS = YES;
				CLANG_WARN_DIRECT_OBJC_ISA_USAGE = YES_ERROR;
				CLANG_WARN_DOCUMENTATION_COMMENTS = YES;
				CLANG_WARN_EMPTY_BODY = YES;
				CLANG_WARN_ENUM_CONVERSION = YES;
				CLANG_WARN_INFINITE_RECURSION = YES;
				CLANG_WARN_INT_CONVERSION = YES;
				CLANG_WARN_NON_LITERAL_NULL_CONVERSION = YES;
				CLANG_WARN_OBJC_IMPLICIT_RETAIN_SELF = YES;
				CLANG_WARN_OBJC_LITERAL_CONVERSION = YES;
				CLANG_WARN_OBJC_ROOT_CLASS = YES_ERROR;
				CLANG_WARN_RANGE_LOOP_ANALYSIS = YES;
				CLANG_WARN_STRICT_PROTOTYPES = YES;
				CLANG_WARN_SUSPICIOUS_MOVE = YES;
				CLANG_WARN_UNGUARDED_AVAILABILITY = YES_AGGRESSIVE;
				CLANG_WARN_UNREACHABLE_CODE = YES;
				CLANG_WARN__DUPLICATE_METHOD_MATCH = YES;
				CODE_SIGN_IDENTITY = "iPhone Developer";
				COPY_PHASE_STRIP = NO;
				DEBUG_INFORMATION_FORMAT = "dwarf-with-dsym";
				ENABLE_NS_ASSERTIONS = NO;
				ENABLE_STRICT_OBJC_MSGSEND = YES;
				GCC_C_LANGUAGE_STANDARD = gnu11;
				GCC_NO_COMMON_BLOCKS = YES;
				GCC_WARN_64_TO_32_BIT_CONVERSION = YES;
				GCC_WARN_ABOUT_RETURN_TYPE = YES_ERROR;
				GCC_WARN_UNDECLARED_SELECTOR = YES;
				GCC_WARN_UNINITIALIZED_AUTOS = YES_AGGRESSIVE;
				GCC_WARN_UNUSED_FUNCTION = YES;
				GCC_WARN_UNUSED_VARIABLE = YES;
				IPHONEOS_DEPLOYMENT_TARGET = 11.3;
				MTL_ENABLE_DEBUG_INFO = NO;
				SDKROOT = iphoneos;
				SWIFT_COMPILATION_MODE = wholemodule;
				SWIFT_OPTIMIZATION_LEVEL = "-O";
				VALIDATE_PRODUCT = YES;
			};
			name = Release;
		};
		367570462089BDE300BFB871 /* Debug */ = {
			isa = XCBuildConfiguration;
			buildSettings = {
				ASSETCATALOG_COMPILER_APPICON_NAME = AppIcon;
				CODE_SIGN_STYLE = Automatic;
				DEVELOPMENT_TEAM = XN77782Q57;
				INFOPLIST_FILE = "立体轮播/Info.plist";
				LD_RUNPATH_SEARCH_PATHS = (
					"$(inherited)",
					"@executable_path/Frameworks",
				);
				PRODUCT_BUNDLE_IDENTIFIER = "frameworkdemo.----";
				PRODUCT_NAME = "$(TARGET_NAME)";
				SWIFT_VERSION = 4.0;
				TARGETED_DEVICE_FAMILY = "1,2";
			};
			name = Debug;
		};
		367570472089BDE300BFB871 /* Release */ = {
			isa = XCBuildConfiguration;
			buildSettings = {
				ASSETCATALOG_COMPILER_APPICON_NAME = AppIcon;
				CODE_SIGN_STYLE = Automatic;
				DEVELOPMENT_TEAM = XN77782Q57;
				INFOPLIST_FILE = "立体轮播/Info.plist";
				LD_RUNPATH_SEARCH_PATHS = (
					"$(inherited)",
					"@executable_path/Frameworks",
				);
				PRODUCT_BUNDLE_IDENTIFIER = "frameworkdemo.----";
				PRODUCT_NAME = "$(TARGET_NAME)";
				SWIFT_VERSION = 4.0;
				TARGETED_DEVICE_FAMILY = "1,2";
			};
			name = Release;
		};
/* End XCBuildConfiguration section */

/* Begin XCConfigurationList section */
		3675702E2089BDE000BFB871 /* Build configuration list for PBXProject "立体轮播" */ = {
			isa = XCConfigurationList;
			buildConfigurations = (
				367570432089BDE300BFB871 /* Debug */,
				367570442089BDE300BFB871 /* Release */,
			);
			defaultConfigurationIsVisible = 0;
			defaultConfigurationName = Release;
		};
		367570452089BDE300BFB871 /* Build configuration list for PBXNativeTarget "立体轮播" */ = {
			isa = XCConfigurationList;
			buildConfigurations = (
				367570462089BDE300BFB871 /* Debug */,
				367570472089BDE300BFB871 /* Release */,
			);
			defaultConfigurationIsVisible = 0;
			defaultConfigurationName = Release;
		};
/* End XCConfigurationList section */
	};
	rootObject = 3675702B2089BDE000BFB871 /* Project object */;
}
